
Microsoft Visual Studio Solution File, Format Version 12.00
# Visual Studio 2013
VisualStudioVersion = 12.0.31101.0
MinimumVisualStudioVersion = 10.0.40219.1
Project("{FAE04EC0-301F-11D3-BF4B-00C04F79EFBC}") = "WorkTeamServices", "WorkTeamServices\WorkTeamServices.csproj", "{B29BF6A2-EF8B-4BC9-8D38-D9BDB49FBA63}"
EndProject
Global
	GlobalSection(SolutionConfigurationPlatforms) = preSolution
		Debug|Any CPU = Debug|Any CPU
		Release|Any CPU = Release|Any CPU
	EndGlobalSection
	GlobalSection(ProjectConfigurationPlatforms) = postSolution
		{B29BF6A2-EF8B-4BC9-8D38-D9BDB49FBA63}.Debug|Any CPU.ActiveCfg = Debug|Any CPU
		{B29BF6A2-EF8B-4BC9-8D38-D9BDB49FBA63}.Debug|Any CPU.Build.0 = Debug|Any CPU
		{B29BF6A2-EF8B-4BC9-8D38-D9BDB49FBA63}.Release|Any CPU.ActiveCfg = Release|Any CPU
		{B29BF6A2-EF8B-4BC9-8D38-D9BDB49FBA63}.Release|Any CPU.Build.0 = Release|Any CPU
	EndGlobalSection
	GlobalSection(SolutionProperties) = preSolution
		HideSolutionNode = FALSE
	EndGlobalSection
EndGlobal
